// !$*UTF8*$!
{
	archiveVersion = 1;
	classes = {
	};
	objectVersion = 46;
	objects = {

/* Begin PBXBuildFile section */
		8C0DEE751DED1E2A00697E06 /* GemCtoSwift.m in Sources */ = {isa = PBXBuildFile; fileRef = 8C0DEE741DED1E2A00697E06 /* GemCtoSwift.m */; };
		8C0DEE841DED2DC800697E06 /* dopixel.c in Sources */ = {isa = PBXBuildFile; fileRef = 8C0DEE811DED2DC800697E06 /* dopixel.c */; };
		8C0DEE851DED2DC800697E06 /* rend2d.c in Sources */ = {isa = PBXBuildFile; fileRef = 8C0DEE831DED2DC800697E06 /* rend2d.c */; };
		8C0DEE911DED2E5300697E06 /* Rand.c in Sources */ = {isa = PBXBuildFile; fileRef = 8C0DEE8C1DED2E5300697E06 /* Rand.c */; };
		8C0DEE921DED2E5300697E06 /* solve.c in Sources */ = {isa = PBXBuildFile; fileRef = 8C0DEE8D1DED2E5300697E06 /* solve.c */; };
		8C0DEE931DED2E5300697E06 /* matrix.c in Sources */ = {isa = PBXBuildFile; fileRef = 8C0DEE8F1DED2E5300697E06 /* matrix.c */; };
		8C0DEE941DED2E5300697E06 /* vector.c in Sources */ = {isa = PBXBuildFile; fileRef = 8C0DEE901DED2E5300697E06 /* vector.c */; };
		8C0DEE9A1DED2E7300697E06 /* Image.c in Sources */ = {isa = PBXBuildFile; fileRef = 8C0DEE961DED2E7300697E06 /* Image.c */; };
		8C0DEE9B1DED2E7300697E06 /* Targa.c in Sources */ = {isa = PBXBuildFile; fileRef = 8C0DEE981DED2E7300697E06 /* Targa.c */; };
		8C2BF9C41DEA809E005DDF33 /* GemTests.swift in Sources */ = {isa = PBXBuildFile; fileRef = 8C2BF9C31DEA809E005DDF33 /* GemTests.swift */; };
		8C79436A243EDF8E003BBB83 /* Constants.swift in Sources */ = {isa = PBXBuildFile; fileRef = 8C794369243EDF8E003BBB83 /* Constants.swift */; };
		8C79436D243EDFB0003BBB83 /* AppCoordinator.swift in Sources */ = {isa = PBXBuildFile; fileRef = 8C79436C243EDFB0003BBB83 /* AppCoordinator.swift */; };
		8C794371243EE01E003BBB83 /* CGRect+Aspect.swift in Sources */ = {isa = PBXBuildFile; fileRef = 8C79436F243EE01E003BBB83 /* CGRect+Aspect.swift */; };
		8C794372243EE01E003BBB83 /* String+Localization.swift in Sources */ = {isa = PBXBuildFile; fileRef = 8C794370243EE01E003BBB83 /* String+Localization.swift */; };
		8C794384243EE04C003BBB83 /* Localizable.strings in Resources */ = {isa = PBXBuildFile; fileRef = 8C794374243EE04B003BBB83 /* Localizable.strings */; };
		8C794385243EE04C003BBB83 /* Assets.xcassets in Resources */ = {isa = PBXBuildFile; fileRef = 8C794376243EE04B003BBB83 /* Assets.xcassets */; };
		8C794386243EE04C003BBB83 /* ViewPort.swift in Sources */ = {isa = PBXBuildFile; fileRef = 8C794378243EE04B003BBB83 /* ViewPort.swift */; };
		8C794387243EE04C003BBB83 /* BasicViewPort.swift in Sources */ = {isa = PBXBuildFile; fileRef = 8C794379243EE04B003BBB83 /* BasicViewPort.swift */; };
		8C794388243EE04C003BBB83 /* MainViewController.swift in Sources */ = {isa = PBXBuildFile; fileRef = 8C79437B243EE04B003BBB83 /* MainViewController.swift */; };
		8C794389243EE04C003BBB83 /* ImageViewController.swift in Sources */ = {isa = PBXBuildFile; fileRef = 8C79437C243EE04B003BBB83 /* ImageViewController.swift */; };
		8C79438A243EE04C003BBB83 /* TestRenderer.swift in Sources */ = {isa = PBXBuildFile; fileRef = 8C79437E243EE04B003BBB83 /* TestRenderer.swift */; };
		8C79438B243EE04C003BBB83 /* Renderer.swift in Sources */ = {isa = PBXBuildFile; fileRef = 8C79437F243EE04B003BBB83 /* Renderer.swift */; };
		8C79438C243EE04C003BBB83 /* OutputFile.swift in Sources */ = {isa = PBXBuildFile; fileRef = 8C794382243EE04B003BBB83 /* OutputFile.swift */; };
		8C79438D243EE04C003BBB83 /* RawOutputFile.swift in Sources */ = {isa = PBXBuildFile; fileRef = 8C794383243EE04B003BBB83 /* RawOutputFile.swift */; };
		8C794392243EE12B003BBB83 /* AppData.swift in Sources */ = {isa = PBXBuildFile; fileRef = 8C79438E243EE12A003BBB83 /* AppData.swift */; };
		8C794393243EE12B003BBB83 /* AppDelegate.swift in Sources */ = {isa = PBXBuildFile; fileRef = 8C79438F243EE12A003BBB83 /* AppDelegate.swift */; };
		8C794395243EE12B003BBB83 /* Main.storyboard in Resources */ = {isa = PBXBuildFile; fileRef = 8C794391243EE12A003BBB83 /* Main.storyboard */; };
		8C794397243EEFEF003BBB83 /* RayTraceRenderer.swift in Sources */ = {isa = PBXBuildFile; fileRef = 8C794396243EEFEF003BBB83 /* RayTraceRenderer.swift */; };
		8CC28B51244A4FF0009ABE88 /* todo.txt in Resources */ = {isa = PBXBuildFile; fileRef = 8CC28B50244A4FF0009ABE88 /* todo.txt */; };
		8CC28B53244AA51D009ABE88 /* BinaryInteger+String.swift in Sources */ = {isa = PBXBuildFile; fileRef = 8CC28B52244AA51D009ABE88 /* BinaryInteger+String.swift */; };
		8CE7B14E1DEFDFFF002461C3 /* backgrnd.c in Sources */ = {isa = PBXBuildFile; fileRef = 8CE7B1311DEFDFFF002461C3 /* backgrnd.c */; };
		8CE7B14F1DEFDFFF002461C3 /* Blob.c in Sources */ = {isa = PBXBuildFile; fileRef = 8CE7B1321DEFDFFF002461C3 /* Blob.c */; };
		8CE7B1501DEFDFFF002461C3 /* Bound.c in Sources */ = {isa = PBXBuildFile; fileRef = 8CE7B1331DEFDFFF002461C3 /* Bound.c */; };
		8CE7B1511DEFDFFF002461C3 /* box.c in Sources */ = {isa = PBXBuildFile; fileRef = 8CE7B1341DEFDFFF002461C3 /* box.c */; };
		8CE7B1521DEFDFFF002461C3 /* Colortri.c in Sources */ = {isa = PBXBuildFile; fileRef = 8CE7B1351DEFDFFF002461C3 /* Colortri.c */; };
		8CE7B1531DEFDFFF002461C3 /* Cone.c in Sources */ = {isa = PBXBuildFile; fileRef = 8CE7B1361DEFDFFF002461C3 /* Cone.c */; };
		8CE7B1541DEFDFFF002461C3 /* Csg.c in Sources */ = {isa = PBXBuildFile; fileRef = 8CE7B1371DEFDFFF002461C3 /* Csg.c */; };
		8CE7B1551DEFDFFF002461C3 /* Disc.c in Sources */ = {isa = PBXBuildFile; fileRef = 8CE7B1381DEFDFFF002461C3 /* Disc.c */; };
		8CE7B1561DEFDFFF002461C3 /* fnxyz.c in Sources */ = {isa = PBXBuildFile; fileRef = 8CE7B1391DEFDFFF002461C3 /* fnxyz.c */; };
		8CE7B1571DEFDFFF002461C3 /* Hfeild.c in Sources */ = {isa = PBXBuildFile; fileRef = 8CE7B13A1DEFDFFF002461C3 /* Hfeild.c */; };
		8CE7B1581DEFDFFF002461C3 /* inter.c in Sources */ = {isa = PBXBuildFile; fileRef = 8CE7B13B1DEFDFFF002461C3 /* inter.c */; };
		8CE7B1591DEFDFFF002461C3 /* light.c in Sources */ = {isa = PBXBuildFile; fileRef = 8CE7B13C1DEFDFFF002461C3 /* light.c */; };
		8CE7B15A1DEFDFFF002461C3 /* mem.c in Sources */ = {isa = PBXBuildFile; fileRef = 8CE7B13D1DEFDFFF002461C3 /* mem.c */; };
		8CE7B15B1DEFDFFF002461C3 /* Mesh.c in Sources */ = {isa = PBXBuildFile; fileRef = 8CE7B13E1DEFDFFF002461C3 /* Mesh.c */; };
		8CE7B15C1DEFDFFF002461C3 /* object.c in Sources */ = {isa = PBXBuildFile; fileRef = 8CE7B13F1DEFDFFF002461C3 /* object.c */; };
		8CE7B15D1DEFDFFF002461C3 /* polygon.c in Sources */ = {isa = PBXBuildFile; fileRef = 8CE7B1401DEFDFFF002461C3 /* polygon.c */; };
		8CE7B15E1DEFDFFF002461C3 /* raytrace.c in Sources */ = {isa = PBXBuildFile; fileRef = 8CE7B1421DEFDFFF002461C3 /* raytrace.c */; };
		8CE7B15F1DEFDFFF002461C3 /* shader.c in Sources */ = {isa = PBXBuildFile; fileRef = 8CE7B1431DEFDFFF002461C3 /* shader.c */; };
		8CE7B1601DEFDFFF002461C3 /* sphere.c in Sources */ = {isa = PBXBuildFile; fileRef = 8CE7B1441DEFDFFF002461C3 /* sphere.c */; };
		8CE7B1611DEFDFFF002461C3 /* Surface.c in Sources */ = {isa = PBXBuildFile; fileRef = 8CE7B1451DEFDFFF002461C3 /* Surface.c */; };
		8CE7B1621DEFDFFF002461C3 /* Torus.c in Sources */ = {isa = PBXBuildFile; fileRef = 8CE7B1461DEFDFFF002461C3 /* Torus.c */; };
		8CE7B1631DEFDFFF002461C3 /* trace.c in Sources */ = {isa = PBXBuildFile; fileRef = 8CE7B1471DEFDFFF002461C3 /* trace.c */; };
		8CE7B1651DEFDFFF002461C3 /* Triangle.c in Sources */ = {isa = PBXBuildFile; fileRef = 8CE7B1491DEFDFFF002461C3 /* Triangle.c */; };
		8CE7B1661DEFDFFF002461C3 /* Uvmap.c in Sources */ = {isa = PBXBuildFile; fileRef = 8CE7B14A1DEFDFFF002461C3 /* Uvmap.c */; };
		8CE7B1671DEFDFFF002461C3 /* viewport.c in Sources */ = {isa = PBXBuildFile; fileRef = 8CE7B14B1DEFDFFF002461C3 /* viewport.c */; };
		8CE7B1681DEFDFFF002461C3 /* visiblty.c in Sources */ = {isa = PBXBuildFile; fileRef = 8CE7B14C1DEFDFFF002461C3 /* visiblty.c */; };
		8CE7B1911DEFE4D0002461C3 /* define.c in Sources */ = {isa = PBXBuildFile; fileRef = 8CE7B16E1DEFE4D0002461C3 /* define.c */; };
		8CE7B1921DEFE4D0002461C3 /* error.c in Sources */ = {isa = PBXBuildFile; fileRef = 8CE7B16F1DEFE4D0002461C3 /* error.c */; };
		8CE7B1931DEFE4D0002461C3 /* file.c in Sources */ = {isa = PBXBuildFile; fileRef = 8CE7B1701DEFE4D0002461C3 /* file.c */; };
		8CE7B1941DEFE4D0002461C3 /* Findfile.c in Sources */ = {isa = PBXBuildFile; fileRef = 8CE7B1711DEFE4D0002461C3 /* Findfile.c */; };
		8CE7B1951DEFE4D0002461C3 /* gettoken.c in Sources */ = {isa = PBXBuildFile; fileRef = 8CE7B1721DEFE4D0002461C3 /* gettoken.c */; };
		8CE7B1961DEFE4D0002461C3 /* global.c in Sources */ = {isa = PBXBuildFile; fileRef = 8CE7B1731DEFE4D0002461C3 /* global.c */; };
		8CE7B1971DEFE4D0002461C3 /* noise.c in Sources */ = {isa = PBXBuildFile; fileRef = 8CE7B1751DEFE4D0002461C3 /* noise.c */; };
		8CE7B1981DEFE4D0002461C3 /* param.c in Sources */ = {isa = PBXBuildFile; fileRef = 8CE7B1761DEFE4D0002461C3 /* param.c */; };
		8CE7B1991DEFE4D0002461C3 /* parse.c in Sources */ = {isa = PBXBuildFile; fileRef = 8CE7B1771DEFE4D0002461C3 /* parse.c */; };
		8CE7B19A1DEFE4D0002461C3 /* pcontext.c in Sources */ = {isa = PBXBuildFile; fileRef = 8CE7B1781DEFE4D0002461C3 /* pcontext.c */; };
		8CE7B19B1DEFE4D0002461C3 /* pexpr.c in Sources */ = {isa = PBXBuildFile; fileRef = 8CE7B1791DEFE4D0002461C3 /* pexpr.c */; };
		8CE7B19C1DEFE4D0002461C3 /* pmain.c in Sources */ = {isa = PBXBuildFile; fileRef = 8CE7B17A1DEFE4D0002461C3 /* pmain.c */; };
		8CE7B19D1DEFE4D0002461C3 /* scn20.c in Sources */ = {isa = PBXBuildFile; fileRef = 8CE7B17B1DEFE4D0002461C3 /* scn20.c */; };
		8CE7B19E1DEFE4D0002461C3 /* shadebg.c in Sources */ = {isa = PBXBuildFile; fileRef = 8CE7B17C1DEFE4D0002461C3 /* shadebg.c */; };
		8CE7B19F1DEFE4D0002461C3 /* shadesrf.c in Sources */ = {isa = PBXBuildFile; fileRef = 8CE7B17D1DEFE4D0002461C3 /* shadesrf.c */; };
		8CE7B1A01DEFE4D0002461C3 /* stacks.c in Sources */ = {isa = PBXBuildFile; fileRef = 8CE7B17E1DEFE4D0002461C3 /* stacks.c */; };
		8CE7B1A11DEFE4D0002461C3 /* symtab.c in Sources */ = {isa = PBXBuildFile; fileRef = 8CE7B17F1DEFE4D0002461C3 /* symtab.c */; };
		8CE7B1A21DEFE4D0002461C3 /* vm.c in Sources */ = {isa = PBXBuildFile; fileRef = 8CE7B1801DEFE4D0002461C3 /* vm.c */; };
		8CE7B1A31DEFE4D0002461C3 /* vmbkgrnd.c in Sources */ = {isa = PBXBuildFile; fileRef = 8CE7B1811DEFE4D0002461C3 /* vmbkgrnd.c */; };
		8CE7B1A41DEFE4D0002461C3 /* vmblob.c in Sources */ = {isa = PBXBuildFile; fileRef = 8CE7B1821DEFE4D0002461C3 /* vmblob.c */; };
		8CE7B1A51DEFE4D0002461C3 /* vmcsg.c in Sources */ = {isa = PBXBuildFile; fileRef = 8CE7B1831DEFE4D0002461C3 /* vmcsg.c */; };
		8CE7B1A61DEFE4D0002461C3 /* vmexpr.c in Sources */ = {isa = PBXBuildFile; fileRef = 8CE7B1841DEFE4D0002461C3 /* vmexpr.c */; };
		8CE7B1A71DEFE4D0002461C3 /* vmfnxyz.c in Sources */ = {isa = PBXBuildFile; fileRef = 8CE7B1851DEFE4D0002461C3 /* vmfnxyz.c */; };
		8CE7B1A81DEFE4D0002461C3 /* vmfunc.c in Sources */ = {isa = PBXBuildFile; fileRef = 8CE7B1861DEFE4D0002461C3 /* vmfunc.c */; };
		8CE7B1A91DEFE4D0002461C3 /* vmlight.c in Sources */ = {isa = PBXBuildFile; fileRef = 8CE7B1871DEFE4D0002461C3 /* vmlight.c */; };
		8CE7B1AA1DEFE4D0002461C3 /* vmlval.c in Sources */ = {isa = PBXBuildFile; fileRef = 8CE7B1881DEFE4D0002461C3 /* vmlval.c */; };
		8CE7B1AB1DEFE4D0002461C3 /* vmobject.c in Sources */ = {isa = PBXBuildFile; fileRef = 8CE7B1891DEFE4D0002461C3 /* vmobject.c */; };
		8CE7B1AC1DEFE4D0002461C3 /* vmpoly.c in Sources */ = {isa = PBXBuildFile; fileRef = 8CE7B18A1DEFE4D0002461C3 /* vmpoly.c */; };
		8CE7B1AD1DEFE4D0002461C3 /* vmproc.c in Sources */ = {isa = PBXBuildFile; fileRef = 8CE7B18B1DEFE4D0002461C3 /* vmproc.c */; };
		8CE7B1AE1DEFE4D0002461C3 /* vmsrface.c in Sources */ = {isa = PBXBuildFile; fileRef = 8CE7B18C1DEFE4D0002461C3 /* vmsrface.c */; };
		8CE7B1AF1DEFE4D0002461C3 /* vmstack.c in Sources */ = {isa = PBXBuildFile; fileRef = 8CE7B18D1DEFE4D0002461C3 /* vmstack.c */; };
		8CE7B1B01DEFE4D0002461C3 /* vmviewpt.c in Sources */ = {isa = PBXBuildFile; fileRef = 8CE7B18E1DEFE4D0002461C3 /* vmviewpt.c */; };
		8CE7B1B11DEFE4D0002461C3 /* vmvsblty.c in Sources */ = {isa = PBXBuildFile; fileRef = 8CE7B18F1DEFE4D0002461C3 /* vmvsblty.c */; };
		8CE7B1B21DEFE4D0002461C3 /* vmxform.c in Sources */ = {isa = PBXBuildFile; fileRef = 8CE7B1901DEFE4D0002461C3 /* vmxform.c */; };
		8CE7B1B61DEFEB89002461C3 /* tracestk.c in Sources */ = {isa = PBXBuildFile; fileRef = 8CE7B1B41DEFEB89002461C3 /* tracestk.c */; };
		8CE7B1B71DEFEB89002461C3 /* xform.c in Sources */ = {isa = PBXBuildFile; fileRef = 8CE7B1B51DEFEB89002461C3 /* xform.c */; };
/* End PBXBuildFile section */

/* Begin PBXContainerItemProxy section */
		8C2BF9C01DEA809E005DDF33 /* PBXContainerItemProxy */ = {
			isa = PBXContainerItemProxy;
			containerPortal = 8C2BF9A61DEA809D005DDF33 /* Project object */;
			proxyType = 1;
			remoteGlobalIDString = 8C2BF9AD1DEA809D005DDF33;
			remoteInfo = Gem;
		};
/* End PBXContainerItemProxy section */

/* Begin PBXFileReference section */
		8C0DEE731DED1E2A00697E06 /* GemCtoSwift.h */ = {isa = PBXFileReference; fileEncoding = 4; lastKnownFileType = sourcecode.c.h; path = GemCtoSwift.h; sourceTree = "<group>"; };
		8C0DEE741DED1E2A00697E06 /* GemCtoSwift.m */ = {isa = PBXFileReference; fileEncoding = 4; lastKnownFileType = sourcecode.c.objc; path = GemCtoSwift.m; sourceTree = "<group>"; };
		8C0DEE811DED2DC800697E06 /* dopixel.c */ = {isa = PBXFileReference; fileEncoding = 4; lastKnownFileType = sourcecode.c.c; name = dopixel.c; path = ../../src/Rend2D/dopixel.c; sourceTree = "<group>"; };
		8C0DEE821DED2DC800697E06 /* local.h */ = {isa = PBXFileReference; fileEncoding = 4; lastKnownFileType = sourcecode.c.h; name = local.h; path = ../../src/Rend2D/local.h; sourceTree = "<group>"; };
		8C0DEE831DED2DC800697E06 /* rend2d.c */ = {isa = PBXFileReference; fileEncoding = 4; lastKnownFileType = sourcecode.c.c; name = rend2d.c; path = ../../src/Rend2D/rend2d.c; sourceTree = "<group>"; };
		8C0DEE871DED2E2900697E06 /* math3d.h */ = {isa = PBXFileReference; fileEncoding = 4; lastKnownFileType = sourcecode.c.h; name = math3d.h; path = ../../src/Include/math3d.h; sourceTree = "<group>"; };
		8C0DEE881DED2E2900697E06 /* config.h */ = {isa = PBXFileReference; fileEncoding = 4; lastKnownFileType = sourcecode.c.h; name = config.h; path = ../../src/Include/config.h; sourceTree = "<group>"; };
		8C0DEE891DED2E2900697E06 /* image.h */ = {isa = PBXFileReference; fileEncoding = 4; lastKnownFileType = sourcecode.c.h; name = image.h; path = ../../src/Include/image.h; sourceTree = "<group>"; };
		8C0DEE8A1DED2E2900697E06 /* rend2dc.h */ = {isa = PBXFileReference; fileEncoding = 4; lastKnownFileType = sourcecode.c.h; name = rend2dc.h; path = ../../src/Include/rend2dc.h; sourceTree = "<group>"; };
		8C0DEE8C1DED2E5300697E06 /* Rand.c */ = {isa = PBXFileReference; fileEncoding = 4; lastKnownFileType = sourcecode.c.c; name = Rand.c; path = ../../src/Math3D/Rand.c; sourceTree = "<group>"; };
		8C0DEE8D1DED2E5300697E06 /* solve.c */ = {isa = PBXFileReference; fileEncoding = 4; lastKnownFileType = sourcecode.c.c; name = solve.c; path = ../../src/Math3D/solve.c; sourceTree = "<group>"; };
		8C0DEE8E1DED2E5300697E06 /* local.h */ = {isa = PBXFileReference; fileEncoding = 4; lastKnownFileType = sourcecode.c.h; name = local.h; path = ../../src/Math3D/local.h; sourceTree = "<group>"; };
		8C0DEE8F1DED2E5300697E06 /* matrix.c */ = {isa = PBXFileReference; fileEncoding = 4; lastKnownFileType = sourcecode.c.c; name = matrix.c; path = ../../src/Math3D/matrix.c; sourceTree = "<group>"; };
		8C0DEE901DED2E5300697E06 /* vector.c */ = {isa = PBXFileReference; fileEncoding = 4; lastKnownFileType = sourcecode.c.c; name = vector.c; path = ../../src/Math3D/vector.c; sourceTree = "<group>"; };
		8C0DEE961DED2E7300697E06 /* Image.c */ = {isa = PBXFileReference; fileEncoding = 4; lastKnownFileType = sourcecode.c.c; name = Image.c; path = ../../src/Image/Image.c; sourceTree = "<group>"; };
		8C0DEE971DED2E7300697E06 /* Local.h */ = {isa = PBXFileReference; fileEncoding = 4; lastKnownFileType = sourcecode.c.h; name = Local.h; path = ../../src/Image/Local.h; sourceTree = "<group>"; };
		8C0DEE981DED2E7300697E06 /* Targa.c */ = {isa = PBXFileReference; fileEncoding = 4; lastKnownFileType = sourcecode.c.c; name = Targa.c; path = ../../src/Image/Targa.c; sourceTree = "<group>"; };
		8C0DEE991DED2E7300697E06 /* TARGA.H */ = {isa = PBXFileReference; fileEncoding = 4; lastKnownFileType = sourcecode.cpp.h; name = TARGA.H; path = ../../src/Image/TARGA.H; sourceTree = "<group>"; };
		8C19A2531DEAF21200C86DD2 /* Gem-Bridging-Header.h */ = {isa = PBXFileReference; lastKnownFileType = sourcecode.c.h; path = "Gem-Bridging-Header.h"; sourceTree = "<group>"; };
		8C2BF9AE1DEA809E005DDF33 /* Gem.app */ = {isa = PBXFileReference; explicitFileType = wrapper.application; includeInIndex = 0; path = Gem.app; sourceTree = BUILT_PRODUCTS_DIR; };
		8C2BF9BF1DEA809E005DDF33 /* GemTests.xctest */ = {isa = PBXFileReference; explicitFileType = wrapper.cfbundle; includeInIndex = 0; path = GemTests.xctest; sourceTree = BUILT_PRODUCTS_DIR; };
		8C2BF9C31DEA809E005DDF33 /* GemTests.swift */ = {isa = PBXFileReference; lastKnownFileType = sourcecode.swift; path = GemTests.swift; sourceTree = "<group>"; };
		8C2BF9C51DEA809E005DDF33 /* Info.plist */ = {isa = PBXFileReference; lastKnownFileType = text.plist.xml; path = Info.plist; sourceTree = "<group>"; };
		8C2BF9CE1DEA809E005DDF33 /* GemUITests.swift */ = {isa = PBXFileReference; lastKnownFileType = sourcecode.swift; path = GemUITests.swift; sourceTree = "<group>"; };
		8C2BF9D01DEA809E005DDF33 /* Info.plist */ = {isa = PBXFileReference; lastKnownFileType = text.plist.xml; path = Info.plist; sourceTree = "<group>"; };
		8C794369243EDF8E003BBB83 /* Constants.swift */ = {isa = PBXFileReference; fileEncoding = 4; lastKnownFileType = sourcecode.swift; path = Constants.swift; sourceTree = "<group>"; };
		8C79436C243EDFB0003BBB83 /* AppCoordinator.swift */ = {isa = PBXFileReference; fileEncoding = 4; lastKnownFileType = sourcecode.swift; path = AppCoordinator.swift; sourceTree = "<group>"; };
		8C79436F243EE01E003BBB83 /* CGRect+Aspect.swift */ = {isa = PBXFileReference; fileEncoding = 4; lastKnownFileType = sourcecode.swift; path = "CGRect+Aspect.swift"; sourceTree = "<group>"; };
		8C794370243EE01E003BBB83 /* String+Localization.swift */ = {isa = PBXFileReference; fileEncoding = 4; lastKnownFileType = sourcecode.swift; path = "String+Localization.swift"; sourceTree = "<group>"; };
		8C794375243EE04B003BBB83 /* en */ = {isa = PBXFileReference; lastKnownFileType = text.plist.strings; name = en; path = en.lproj/Localizable.strings; sourceTree = "<group>"; };
		8C794376243EE04B003BBB83 /* Assets.xcassets */ = {isa = PBXFileReference; lastKnownFileType = folder.assetcatalog; path = Assets.xcassets; sourceTree = "<group>"; };
		8C794378243EE04B003BBB83 /* ViewPort.swift */ = {isa = PBXFileReference; fileEncoding = 4; lastKnownFileType = sourcecode.swift; path = ViewPort.swift; sourceTree = "<group>"; };
		8C794379243EE04B003BBB83 /* BasicViewPort.swift */ = {isa = PBXFileReference; fileEncoding = 4; lastKnownFileType = sourcecode.swift; path = BasicViewPort.swift; sourceTree = "<group>"; };
		8C79437B243EE04B003BBB83 /* MainViewController.swift */ = {isa = PBXFileReference; fileEncoding = 4; lastKnownFileType = sourcecode.swift; path = MainViewController.swift; sourceTree = "<group>"; };
		8C79437C243EE04B003BBB83 /* ImageViewController.swift */ = {isa = PBXFileReference; fileEncoding = 4; lastKnownFileType = sourcecode.swift; path = ImageViewController.swift; sourceTree = "<group>"; };
		8C79437E243EE04B003BBB83 /* TestRenderer.swift */ = {isa = PBXFileReference; fileEncoding = 4; lastKnownFileType = sourcecode.swift; path = TestRenderer.swift; sourceTree = "<group>"; };
		8C79437F243EE04B003BBB83 /* Renderer.swift */ = {isa = PBXFileReference; fileEncoding = 4; lastKnownFileType = sourcecode.swift; path = Renderer.swift; sourceTree = "<group>"; };
		8C794382243EE04B003BBB83 /* OutputFile.swift */ = {isa = PBXFileReference; fileEncoding = 4; lastKnownFileType = sourcecode.swift; path = OutputFile.swift; sourceTree = "<group>"; };
		8C794383243EE04B003BBB83 /* RawOutputFile.swift */ = {isa = PBXFileReference; fileEncoding = 4; lastKnownFileType = sourcecode.swift; path = RawOutputFile.swift; sourceTree = "<group>"; };
		8C79438E243EE12A003BBB83 /* AppData.swift */ = {isa = PBXFileReference; fileEncoding = 4; lastKnownFileType = sourcecode.swift; path = AppData.swift; sourceTree = "<group>"; };
		8C79438F243EE12A003BBB83 /* AppDelegate.swift */ = {isa = PBXFileReference; fileEncoding = 4; lastKnownFileType = sourcecode.swift; path = AppDelegate.swift; sourceTree = "<group>"; };
		8C794390243EE12A003BBB83 /* Info.plist */ = {isa = PBXFileReference; fileEncoding = 4; lastKnownFileType = text.plist.xml; path = Info.plist; sourceTree = "<group>"; };
		8C794391243EE12A003BBB83 /* Main.storyboard */ = {isa = PBXFileReference; fileEncoding = 4; lastKnownFileType = file.storyboard; path = Main.storyboard; sourceTree = "<group>"; };
		8C794396243EEFEF003BBB83 /* RayTraceRenderer.swift */ = {isa = PBXFileReference; lastKnownFileType = sourcecode.swift; path = RayTraceRenderer.swift; sourceTree = "<group>"; };
		8CC28B4D24496A33009ABE88 /* Gem.entitlements */ = {isa = PBXFileReference; lastKnownFileType = text.plist.entitlements; path = Gem.entitlements; sourceTree = "<group>"; };
		8CC28B50244A4FF0009ABE88 /* todo.txt */ = {isa = PBXFileReference; fileEncoding = 4; lastKnownFileType = text; path = todo.txt; sourceTree = "<group>"; };
		8CC28B52244AA51D009ABE88 /* BinaryInteger+String.swift */ = {isa = PBXFileReference; lastKnownFileType = sourcecode.swift; path = "BinaryInteger+String.swift"; sourceTree = "<group>"; };
		8CE7B1311DEFDFFF002461C3 /* backgrnd.c */ = {isa = PBXFileReference; fileEncoding = 4; lastKnownFileType = sourcecode.c.c; name = backgrnd.c; path = ../../src/Raytrace/backgrnd.c; sourceTree = "<group>"; };
		8CE7B1321DEFDFFF002461C3 /* Blob.c */ = {isa = PBXFileReference; fileEncoding = 4; lastKnownFileType = sourcecode.c.c; name = Blob.c; path = ../../src/Raytrace/Blob.c; sourceTree = "<group>"; };
		8CE7B1331DEFDFFF002461C3 /* Bound.c */ = {isa = PBXFileReference; fileEncoding = 4; lastKnownFileType = sourcecode.c.c; name = Bound.c; path = ../../src/Raytrace/Bound.c; sourceTree = "<group>"; };
		8CE7B1341DEFDFFF002461C3 /* box.c */ = {isa = PBXFileReference; fileEncoding = 4; lastKnownFileType = sourcecode.c.c; name = box.c; path = ../../src/Raytrace/box.c; sourceTree = "<group>"; };
		8CE7B1351DEFDFFF002461C3 /* Colortri.c */ = {isa = PBXFileReference; fileEncoding = 4; lastKnownFileType = sourcecode.c.c; name = Colortri.c; path = ../../src/Raytrace/Colortri.c; sourceTree = "<group>"; };
		8CE7B1361DEFDFFF002461C3 /* Cone.c */ = {isa = PBXFileReference; fileEncoding = 4; lastKnownFileType = sourcecode.c.c; name = Cone.c; path = ../../src/Raytrace/Cone.c; sourceTree = "<group>"; };
		8CE7B1371DEFDFFF002461C3 /* Csg.c */ = {isa = PBXFileReference; fileEncoding = 4; lastKnownFileType = sourcecode.c.c; name = Csg.c; path = ../../src/Raytrace/Csg.c; sourceTree = "<group>"; };
		8CE7B1381DEFDFFF002461C3 /* Disc.c */ = {isa = PBXFileReference; fileEncoding = 4; lastKnownFileType = sourcecode.c.c; name = Disc.c; path = ../../src/Raytrace/Disc.c; sourceTree = "<group>"; };
		8CE7B1391DEFDFFF002461C3 /* fnxyz.c */ = {isa = PBXFileReference; fileEncoding = 4; lastKnownFileType = sourcecode.c.c; name = fnxyz.c; path = ../../src/Raytrace/fnxyz.c; sourceTree = "<group>"; };
		8CE7B13A1DEFDFFF002461C3 /* Hfeild.c */ = {isa = PBXFileReference; fileEncoding = 4; lastKnownFileType = sourcecode.c.c; name = Hfeild.c; path = ../../src/Raytrace/Hfeild.c; sourceTree = "<group>"; };
		8CE7B13B1DEFDFFF002461C3 /* inter.c */ = {isa = PBXFileReference; fileEncoding = 4; lastKnownFileType = sourcecode.c.c; name = inter.c; path = ../../src/Raytrace/inter.c; sourceTree = "<group>"; };
		8CE7B13C1DEFDFFF002461C3 /* light.c */ = {isa = PBXFileReference; fileEncoding = 4; lastKnownFileType = sourcecode.c.c; name = light.c; path = ../../src/Raytrace/light.c; sourceTree = "<group>"; };
		8CE7B13D1DEFDFFF002461C3 /* mem.c */ = {isa = PBXFileReference; fileEncoding = 4; lastKnownFileType = sourcecode.c.c; name = mem.c; path = ../../src/Raytrace/mem.c; sourceTree = "<group>"; };
		8CE7B13E1DEFDFFF002461C3 /* Mesh.c */ = {isa = PBXFileReference; fileEncoding = 4; lastKnownFileType = sourcecode.c.c; name = Mesh.c; path = ../../src/Raytrace/Mesh.c; sourceTree = "<group>"; };
		8CE7B13F1DEFDFFF002461C3 /* object.c */ = {isa = PBXFileReference; fileEncoding = 4; lastKnownFileType = sourcecode.c.c; name = object.c; path = ../../src/Raytrace/object.c; sourceTree = "<group>"; };
		8CE7B1401DEFDFFF002461C3 /* polygon.c */ = {isa = PBXFileReference; fileEncoding = 4; lastKnownFileType = sourcecode.c.c; name = polygon.c; path = ../../src/Raytrace/polygon.c; sourceTree = "<group>"; };
		8CE7B1411DEFDFFF002461C3 /* ray.h */ = {isa = PBXFileReference; fileEncoding = 4; lastKnownFileType = sourcecode.c.h; name = ray.h; path = ../../src/Raytrace/ray.h; sourceTree = "<group>"; };
		8CE7B1421DEFDFFF002461C3 /* raytrace.c */ = {isa = PBXFileReference; fileEncoding = 4; lastKnownFileType = sourcecode.c.c; name = raytrace.c; path = ../../src/Raytrace/raytrace.c; sourceTree = "<group>"; };
		8CE7B1431DEFDFFF002461C3 /* shader.c */ = {isa = PBXFileReference; fileEncoding = 4; lastKnownFileType = sourcecode.c.c; name = shader.c; path = ../../src/Raytrace/shader.c; sourceTree = "<group>"; };
		8CE7B1441DEFDFFF002461C3 /* sphere.c */ = {isa = PBXFileReference; fileEncoding = 4; lastKnownFileType = sourcecode.c.c; name = sphere.c; path = ../../src/Raytrace/sphere.c; sourceTree = "<group>"; };
		8CE7B1451DEFDFFF002461C3 /* Surface.c */ = {isa = PBXFileReference; fileEncoding = 4; lastKnownFileType = sourcecode.c.c; name = Surface.c; path = ../../src/Raytrace/Surface.c; sourceTree = "<group>"; };
		8CE7B1461DEFDFFF002461C3 /* Torus.c */ = {isa = PBXFileReference; fileEncoding = 4; lastKnownFileType = sourcecode.c.c; name = Torus.c; path = ../../src/Raytrace/Torus.c; sourceTree = "<group>"; };
		8CE7B1471DEFDFFF002461C3 /* trace.c */ = {isa = PBXFileReference; fileEncoding = 4; lastKnownFileType = sourcecode.c.c; name = trace.c; path = ../../src/Raytrace/trace.c; sourceTree = "<group>"; };
		8CE7B1491DEFDFFF002461C3 /* Triangle.c */ = {isa = PBXFileReference; fileEncoding = 4; lastKnownFileType = sourcecode.c.c; name = Triangle.c; path = ../../src/Raytrace/Triangle.c; sourceTree = "<group>"; };
		8CE7B14A1DEFDFFF002461C3 /* Uvmap.c */ = {isa = PBXFileReference; fileEncoding = 4; lastKnownFileType = sourcecode.c.c; name = Uvmap.c; path = ../../src/Raytrace/Uvmap.c; sourceTree = "<group>"; };
		8CE7B14B1DEFDFFF002461C3 /* viewport.c */ = {isa = PBXFileReference; fileEncoding = 4; lastKnownFileType = sourcecode.c.c; name = viewport.c; path = ../../src/Raytrace/viewport.c; sourceTree = "<group>"; };
		8CE7B14C1DEFDFFF002461C3 /* visiblty.c */ = {isa = PBXFileReference; fileEncoding = 4; lastKnownFileType = sourcecode.c.c; name = visiblty.c; path = ../../src/Raytrace/visiblty.c; sourceTree = "<group>"; };
		8CE7B16A1DEFE077002461C3 /* Expr.h */ = {isa = PBXFileReference; fileEncoding = 4; lastKnownFileType = sourcecode.c.h; name = Expr.h; path = ../../src/Include/Expr.h; sourceTree = "<group>"; };
		8CE7B16B1DEFE077002461C3 /* raytrace.h */ = {isa = PBXFileReference; fileEncoding = 4; lastKnownFileType = sourcecode.c.h; name = raytrace.h; path = ../../src/Include/raytrace.h; sourceTree = "<group>"; };
		8CE7B16C1DEFE077002461C3 /* vm.h */ = {isa = PBXFileReference; fileEncoding = 4; lastKnownFileType = sourcecode.c.h; name = vm.h; path = ../../src/Include/vm.h; sourceTree = "<group>"; };
		8CE7B16E1DEFE4D0002461C3 /* define.c */ = {isa = PBXFileReference; fileEncoding = 4; lastKnownFileType = sourcecode.c.c; name = define.c; path = ../../src/scn20/define.c; sourceTree = "<group>"; };
		8CE7B16F1DEFE4D0002461C3 /* error.c */ = {isa = PBXFileReference; fileEncoding = 4; lastKnownFileType = sourcecode.c.c; name = error.c; path = ../../src/scn20/error.c; sourceTree = "<group>"; };
		8CE7B1701DEFE4D0002461C3 /* file.c */ = {isa = PBXFileReference; fileEncoding = 4; lastKnownFileType = sourcecode.c.c; name = file.c; path = ../../src/scn20/file.c; sourceTree = "<group>"; };
		8CE7B1711DEFE4D0002461C3 /* Findfile.c */ = {isa = PBXFileReference; fileEncoding = 4; lastKnownFileType = sourcecode.c.c; name = Findfile.c; path = ../../src/scn20/Findfile.c; sourceTree = "<group>"; };
		8CE7B1721DEFE4D0002461C3 /* gettoken.c */ = {isa = PBXFileReference; fileEncoding = 4; lastKnownFileType = sourcecode.c.c; name = gettoken.c; path = ../../src/scn20/gettoken.c; sourceTree = "<group>"; };
		8CE7B1731DEFE4D0002461C3 /* global.c */ = {isa = PBXFileReference; fileEncoding = 4; lastKnownFileType = sourcecode.c.c; name = global.c; path = ../../src/scn20/global.c; sourceTree = "<group>"; };
		8CE7B1741DEFE4D0002461C3 /* local.h */ = {isa = PBXFileReference; fileEncoding = 4; lastKnownFileType = sourcecode.c.h; name = local.h; path = ../../src/scn20/local.h; sourceTree = "<group>"; };
		8CE7B1751DEFE4D0002461C3 /* noise.c */ = {isa = PBXFileReference; fileEncoding = 4; lastKnownFileType = sourcecode.c.c; name = noise.c; path = ../../src/scn20/noise.c; sourceTree = "<group>"; };
		8CE7B1761DEFE4D0002461C3 /* param.c */ = {isa = PBXFileReference; fileEncoding = 4; lastKnownFileType = sourcecode.c.c; name = param.c; path = ../../src/scn20/param.c; sourceTree = "<group>"; };
		8CE7B1771DEFE4D0002461C3 /* parse.c */ = {isa = PBXFileReference; fileEncoding = 4; lastKnownFileType = sourcecode.c.c; name = parse.c; path = ../../src/scn20/parse.c; sourceTree = "<group>"; };
		8CE7B1781DEFE4D0002461C3 /* pcontext.c */ = {isa = PBXFileReference; fileEncoding = 4; lastKnownFileType = sourcecode.c.c; name = pcontext.c; path = ../../src/scn20/pcontext.c; sourceTree = "<group>"; };
		8CE7B1791DEFE4D0002461C3 /* pexpr.c */ = {isa = PBXFileReference; fileEncoding = 4; lastKnownFileType = sourcecode.c.c; name = pexpr.c; path = ../../src/scn20/pexpr.c; sourceTree = "<group>"; };
		8CE7B17A1DEFE4D0002461C3 /* pmain.c */ = {isa = PBXFileReference; fileEncoding = 4; lastKnownFileType = sourcecode.c.c; name = pmain.c; path = ../../src/scn20/pmain.c; sourceTree = "<group>"; };
		8CE7B17B1DEFE4D0002461C3 /* scn20.c */ = {isa = PBXFileReference; fileEncoding = 4; lastKnownFileType = sourcecode.c.c; name = scn20.c; path = ../../src/scn20/scn20.c; sourceTree = "<group>"; };
		8CE7B17C1DEFE4D0002461C3 /* shadebg.c */ = {isa = PBXFileReference; fileEncoding = 4; lastKnownFileType = sourcecode.c.c; name = shadebg.c; path = ../../src/scn20/shadebg.c; sourceTree = "<group>"; };
		8CE7B17D1DEFE4D0002461C3 /* shadesrf.c */ = {isa = PBXFileReference; fileEncoding = 4; lastKnownFileType = sourcecode.c.c; name = shadesrf.c; path = ../../src/scn20/shadesrf.c; sourceTree = "<group>"; };
		8CE7B17E1DEFE4D0002461C3 /* stacks.c */ = {isa = PBXFileReference; fileEncoding = 4; lastKnownFileType = sourcecode.c.c; name = stacks.c; path = ../../src/scn20/stacks.c; sourceTree = "<group>"; };
		8CE7B17F1DEFE4D0002461C3 /* symtab.c */ = {isa = PBXFileReference; fileEncoding = 4; lastKnownFileType = sourcecode.c.c; name = symtab.c; path = ../../src/scn20/symtab.c; sourceTree = "<group>"; };
		8CE7B1801DEFE4D0002461C3 /* vm.c */ = {isa = PBXFileReference; fileEncoding = 4; lastKnownFileType = sourcecode.c.c; name = vm.c; path = ../../src/scn20/vm.c; sourceTree = "<group>"; };
		8CE7B1811DEFE4D0002461C3 /* vmbkgrnd.c */ = {isa = PBXFileReference; fileEncoding = 4; lastKnownFileType = sourcecode.c.c; name = vmbkgrnd.c; path = ../../src/scn20/vmbkgrnd.c; sourceTree = "<group>"; };
		8CE7B1821DEFE4D0002461C3 /* vmblob.c */ = {isa = PBXFileReference; fileEncoding = 4; lastKnownFileType = sourcecode.c.c; name = vmblob.c; path = ../../src/scn20/vmblob.c; sourceTree = "<group>"; };
		8CE7B1831DEFE4D0002461C3 /* vmcsg.c */ = {isa = PBXFileReference; fileEncoding = 4; lastKnownFileType = sourcecode.c.c; name = vmcsg.c; path = ../../src/scn20/vmcsg.c; sourceTree = "<group>"; };
		8CE7B1841DEFE4D0002461C3 /* vmexpr.c */ = {isa = PBXFileReference; fileEncoding = 4; lastKnownFileType = sourcecode.c.c; name = vmexpr.c; path = ../../src/scn20/vmexpr.c; sourceTree = "<group>"; };
		8CE7B1851DEFE4D0002461C3 /* vmfnxyz.c */ = {isa = PBXFileReference; fileEncoding = 4; lastKnownFileType = sourcecode.c.c; name = vmfnxyz.c; path = ../../src/scn20/vmfnxyz.c; sourceTree = "<group>"; };
		8CE7B1861DEFE4D0002461C3 /* vmfunc.c */ = {isa = PBXFileReference; fileEncoding = 4; lastKnownFileType = sourcecode.c.c; name = vmfunc.c; path = ../../src/scn20/vmfunc.c; sourceTree = "<group>"; };
		8CE7B1871DEFE4D0002461C3 /* vmlight.c */ = {isa = PBXFileReference; fileEncoding = 4; lastKnownFileType = sourcecode.c.c; name = vmlight.c; path = ../../src/scn20/vmlight.c; sourceTree = "<group>"; };
		8CE7B1881DEFE4D0002461C3 /* vmlval.c */ = {isa = PBXFileReference; fileEncoding = 4; lastKnownFileType = sourcecode.c.c; name = vmlval.c; path = ../../src/scn20/vmlval.c; sourceTree = "<group>"; };
		8CE7B1891DEFE4D0002461C3 /* vmobject.c */ = {isa = PBXFileReference; fileEncoding = 4; lastKnownFileType = sourcecode.c.c; name = vmobject.c; path = ../../src/scn20/vmobject.c; sourceTree = "<group>"; };
		8CE7B18A1DEFE4D0002461C3 /* vmpoly.c */ = {isa = PBXFileReference; fileEncoding = 4; lastKnownFileType = sourcecode.c.c; name = vmpoly.c; path = ../../src/scn20/vmpoly.c; sourceTree = "<group>"; };
		8CE7B18B1DEFE4D0002461C3 /* vmproc.c */ = {isa = PBXFileReference; fileEncoding = 4; lastKnownFileType = sourcecode.c.c; name = vmproc.c; path = ../../src/scn20/vmproc.c; sourceTree = "<group>"; };
		8CE7B18C1DEFE4D0002461C3 /* vmsrface.c */ = {isa = PBXFileReference; fileEncoding = 4; lastKnownFileType = sourcecode.c.c; name = vmsrface.c; path = ../../src/scn20/vmsrface.c; sourceTree = "<group>"; };
		8CE7B18D1DEFE4D0002461C3 /* vmstack.c */ = {isa = PBXFileReference; fileEncoding = 4; lastKnownFileType = sourcecode.c.c; name = vmstack.c; path = ../../src/scn20/vmstack.c; sourceTree = "<group>"; };
		8CE7B18E1DEFE4D0002461C3 /* vmviewpt.c */ = {isa = PBXFileReference; fileEncoding = 4; lastKnownFileType = sourcecode.c.c; name = vmviewpt.c; path = ../../src/scn20/vmviewpt.c; sourceTree = "<group>"; };
		8CE7B18F1DEFE4D0002461C3 /* vmvsblty.c */ = {isa = PBXFileReference; fileEncoding = 4; lastKnownFileType = sourcecode.c.c; name = vmvsblty.c; path = ../../src/scn20/vmvsblty.c; sourceTree = "<group>"; };
		8CE7B1901DEFE4D0002461C3 /* vmxform.c */ = {isa = PBXFileReference; fileEncoding = 4; lastKnownFileType = sourcecode.c.c; name = vmxform.c; path = ../../src/scn20/vmxform.c; sourceTree = "<group>"; };
		8CE7B1B31DEFE4ED002461C3 /* scn20.h */ = {isa = PBXFileReference; fileEncoding = 4; lastKnownFileType = sourcecode.c.h; name = scn20.h; path = ../../src/Include/scn20.h; sourceTree = "<group>"; };
		8CE7B1B41DEFEB89002461C3 /* tracestk.c */ = {isa = PBXFileReference; fileEncoding = 4; lastKnownFileType = sourcecode.c.c; name = tracestk.c; path = ../../src/Raytrace/tracestk.c; sourceTree = "<group>"; };
		8CE7B1B51DEFEB89002461C3 /* xform.c */ = {isa = PBXFileReference; fileEncoding = 4; lastKnownFileType = sourcecode.c.c; name = xform.c; path = ../../src/Raytrace/xform.c; sourceTree = "<group>"; };
		8CE7B1B81DEFEBF4002461C3 /* Findfile.h */ = {isa = PBXFileReference; fileEncoding = 4; lastKnownFileType = sourcecode.c.h; name = Findfile.h; path = ../../src/Include/Findfile.h; sourceTree = "<group>"; };
/* End PBXFileReference section */

/* Begin PBXFrameworksBuildPhase section */
		8C2BF9AB1DEA809D005DDF33 /* Frameworks */ = {
			isa = PBXFrameworksBuildPhase;
			buildActionMask = 2147483647;
			files = (
			);
			runOnlyForDeploymentPostprocessing = 0;
		};
		8C2BF9BC1DEA809E005DDF33 /* Frameworks */ = {
			isa = PBXFrameworksBuildPhase;
			buildActionMask = 2147483647;
			files = (
			);
			runOnlyForDeploymentPostprocessing = 0;
		};
/* End PBXFrameworksBuildPhase section */

/* Begin PBXGroup section */
		8C0DEE801DED2DA700697E06 /* Rend2D */ = {
			isa = PBXGroup;
			children = (
				8C0DEE811DED2DC800697E06 /* dopixel.c */,
				8C0DEE821DED2DC800697E06 /* local.h */,
				8C0DEE831DED2DC800697E06 /* rend2d.c */,
			);
			name = Rend2D;
			sourceTree = "<group>";
		};
		8C0DEE861DED2DE000697E06 /* Include */ = {
			isa = PBXGroup;
			children = (
				8CE7B1B81DEFEBF4002461C3 /* Findfile.h */,
				8CE7B1B31DEFE4ED002461C3 /* scn20.h */,
				8CE7B16A1DEFE077002461C3 /* Expr.h */,
				8CE7B16B1DEFE077002461C3 /* raytrace.h */,
				8CE7B16C1DEFE077002461C3 /* vm.h */,
				8C0DEE871DED2E2900697E06 /* math3d.h */,
				8C0DEE881DED2E2900697E06 /* config.h */,
				8C0DEE891DED2E2900697E06 /* image.h */,
				8C0DEE8A1DED2E2900697E06 /* rend2dc.h */,
			);
			name = Include;
			sourceTree = "<group>";
		};
		8C0DEE8B1DED2E3E00697E06 /* Math3D */ = {
			isa = PBXGroup;
			children = (
				8C0DEE8C1DED2E5300697E06 /* Rand.c */,
				8C0DEE8D1DED2E5300697E06 /* solve.c */,
				8C0DEE8E1DED2E5300697E06 /* local.h */,
				8C0DEE8F1DED2E5300697E06 /* matrix.c */,
				8C0DEE901DED2E5300697E06 /* vector.c */,
			);
			name = Math3D;
			sourceTree = "<group>";
		};
		8C0DEE951DED2E6000697E06 /* Image */ = {
			isa = PBXGroup;
			children = (
				8C0DEE961DED2E7300697E06 /* Image.c */,
				8C0DEE971DED2E7300697E06 /* Local.h */,
				8C0DEE981DED2E7300697E06 /* Targa.c */,
				8C0DEE991DED2E7300697E06 /* TARGA.H */,
			);
			name = Image;
			sourceTree = "<group>";
		};
		8C2BF9A51DEA809D005DDF33 = {
			isa = PBXGroup;
			children = (
				8CC28B4F244A4FF0009ABE88 /* Docs */,
				8CE7B16D1DEFE4A0002461C3 /* scn20 */,
				8CE7B1301DEFDFB7002461C3 /* Raytrace */,
				8C0DEE951DED2E6000697E06 /* Image */,
				8C0DEE8B1DED2E3E00697E06 /* Math3D */,
				8C0DEE861DED2DE000697E06 /* Include */,
				8C0DEE801DED2DA700697E06 /* Rend2D */,
				8C2BF9B01DEA809E005DDF33 /* Gem */,
				8C2BF9C21DEA809E005DDF33 /* GemTests */,
				8C2BF9CD1DEA809E005DDF33 /* GemUITests */,
				8C2BF9AF1DEA809E005DDF33 /* Products */,
				8C19A2531DEAF21200C86DD2 /* Gem-Bridging-Header.h */,
			);
			sourceTree = "<group>";
		};
		8C2BF9AF1DEA809E005DDF33 /* Products */ = {
			isa = PBXGroup;
			children = (
				8C2BF9AE1DEA809E005DDF33 /* Gem.app */,
				8C2BF9BF1DEA809E005DDF33 /* GemTests.xctest */,
			);
			name = Products;
			sourceTree = "<group>";
		};
		8C2BF9B01DEA809E005DDF33 /* Gem */ = {
			isa = PBXGroup;
			children = (
				8CC28B4D24496A33009ABE88 /* Gem.entitlements */,
				8C794368243EDF5B003BBB83 /* Common */,
				8C79436B243EDFB0003BBB83 /* Coordinators */,
				8C79436E243EE01E003BBB83 /* Extensions */,
				8C794381243EE04B003BBB83 /* OutputFile */,
				8C79437D243EE04B003BBB83 /* Renderer */,
				8C794373243EE04B003BBB83 /* Resources */,
				8C79437A243EE04B003BBB83 /* View Controllers */,
				8C794377243EE04B003BBB83 /* View Port */,
				8C79438E243EE12A003BBB83 /* AppData.swift */,
				8C79438F243EE12A003BBB83 /* AppDelegate.swift */,
				8C794390243EE12A003BBB83 /* Info.plist */,
				8C794391243EE12A003BBB83 /* Main.storyboard */,
				8C0DEE731DED1E2A00697E06 /* GemCtoSwift.h */,
				8C0DEE741DED1E2A00697E06 /* GemCtoSwift.m */,
			);
			path = Gem;
			sourceTree = "<group>";
		};
		8C2BF9C21DEA809E005DDF33 /* GemTests */ = {
			isa = PBXGroup;
			children = (
				8C2BF9C31DEA809E005DDF33 /* GemTests.swift */,
				8C2BF9C51DEA809E005DDF33 /* Info.plist */,
			);
			path = GemTests;
			sourceTree = "<group>";
		};
		8C2BF9CD1DEA809E005DDF33 /* GemUITests */ = {
			isa = PBXGroup;
			children = (
				8C2BF9CE1DEA809E005DDF33 /* GemUITests.swift */,
				8C2BF9D01DEA809E005DDF33 /* Info.plist */,
			);
			path = GemUITests;
			sourceTree = "<group>";
		};
		8C794368243EDF5B003BBB83 /* Common */ = {
			isa = PBXGroup;
			children = (
				8C794369243EDF8E003BBB83 /* Constants.swift */,
			);
			path = Common;
			sourceTree = "<group>";
		};
		8C79436B243EDFB0003BBB83 /* Coordinators */ = {
			isa = PBXGroup;
			children = (
				8C79436C243EDFB0003BBB83 /* AppCoordinator.swift */,
			);
			path = Coordinators;
			sourceTree = "<group>";
		};
		8C79436E243EE01E003BBB83 /* Extensions */ = {
			isa = PBXGroup;
			children = (
				8C79436F243EE01E003BBB83 /* CGRect+Aspect.swift */,
				8C794370243EE01E003BBB83 /* String+Localization.swift */,
				8CC28B52244AA51D009ABE88 /* BinaryInteger+String.swift */,
			);
			path = Extensions;
			sourceTree = "<group>";
		};
		8C794373243EE04B003BBB83 /* Resources */ = {
			isa = PBXGroup;
			children = (
				8C794374243EE04B003BBB83 /* Localizable.strings */,
				8C794376243EE04B003BBB83 /* Assets.xcassets */,
			);
			path = Resources;
			sourceTree = "<group>";
		};
		8C794377243EE04B003BBB83 /* View Port */ = {
			isa = PBXGroup;
			children = (
				8C794378243EE04B003BBB83 /* ViewPort.swift */,
				8C794379243EE04B003BBB83 /* BasicViewPort.swift */,
			);
			path = "View Port";
			sourceTree = "<group>";
		};
		8C79437A243EE04B003BBB83 /* View Controllers */ = {
			isa = PBXGroup;
			children = (
				8C79437B243EE04B003BBB83 /* MainViewController.swift */,
				8C79437C243EE04B003BBB83 /* ImageViewController.swift */,
			);
			path = "View Controllers";
			sourceTree = "<group>";
		};
		8C79437D243EE04B003BBB83 /* Renderer */ = {
			isa = PBXGroup;
			children = (
				8C79437E243EE04B003BBB83 /* TestRenderer.swift */,
				8C79437F243EE04B003BBB83 /* Renderer.swift */,
				8C794396243EEFEF003BBB83 /* RayTraceRenderer.swift */,
			);
			path = Renderer;
			sourceTree = "<group>";
		};
		8C794381243EE04B003BBB83 /* OutputFile */ = {
			isa = PBXGroup;
			children = (
				8C794382243EE04B003BBB83 /* OutputFile.swift */,
				8C794383243EE04B003BBB83 /* RawOutputFile.swift */,
			);
			path = OutputFile;
			sourceTree = "<group>";
		};
		8CC28B4F244A4FF0009ABE88 /* Docs */ = {
			isa = PBXGroup;
			children = (
				8CC28B50244A4FF0009ABE88 /* todo.txt */,
			);
			name = Docs;
			path = ../../Docs;
			sourceTree = "<group>";
		};
		8CE7B1301DEFDFB7002461C3 /* Raytrace */ = {
			isa = PBXGroup;
			children = (
				8CE7B1B41DEFEB89002461C3 /* tracestk.c */,
				8CE7B1B51DEFEB89002461C3 /* xform.c */,
				8CE7B1311DEFDFFF002461C3 /* backgrnd.c */,
				8CE7B1321DEFDFFF002461C3 /* Blob.c */,
				8CE7B1331DEFDFFF002461C3 /* Bound.c */,
				8CE7B1341DEFDFFF002461C3 /* box.c */,
				8CE7B1351DEFDFFF002461C3 /* Colortri.c */,
				8CE7B1361DEFDFFF002461C3 /* Cone.c */,
				8CE7B1371DEFDFFF002461C3 /* Csg.c */,
				8CE7B1381DEFDFFF002461C3 /* Disc.c */,
				8CE7B1391DEFDFFF002461C3 /* fnxyz.c */,
				8CE7B13A1DEFDFFF002461C3 /* Hfeild.c */,
				8CE7B13B1DEFDFFF002461C3 /* inter.c */,
				8CE7B13C1DEFDFFF002461C3 /* light.c */,
				8CE7B13D1DEFDFFF002461C3 /* mem.c */,
				8CE7B13E1DEFDFFF002461C3 /* Mesh.c */,
				8CE7B13F1DEFDFFF002461C3 /* object.c */,
				8CE7B1401DEFDFFF002461C3 /* polygon.c */,
				8CE7B1411DEFDFFF002461C3 /* ray.h */,
				8CE7B1421DEFDFFF002461C3 /* raytrace.c */,
				8CE7B1431DEFDFFF002461C3 /* shader.c */,
				8CE7B1441DEFDFFF002461C3 /* sphere.c */,
				8CE7B1451DEFDFFF002461C3 /* Surface.c */,
				8CE7B1461DEFDFFF002461C3 /* Torus.c */,
				8CE7B1471DEFDFFF002461C3 /* trace.c */,
				8CE7B1491DEFDFFF002461C3 /* Triangle.c */,
				8CE7B14A1DEFDFFF002461C3 /* Uvmap.c */,
				8CE7B14B1DEFDFFF002461C3 /* viewport.c */,
				8CE7B14C1DEFDFFF002461C3 /* visiblty.c */,
			);
			name = Raytrace;
			sourceTree = "<group>";
		};
		8CE7B16D1DEFE4A0002461C3 /* scn20 */ = {
			isa = PBXGroup;
			children = (
				8CE7B16E1DEFE4D0002461C3 /* define.c */,
				8CE7B16F1DEFE4D0002461C3 /* error.c */,
				8CE7B1701DEFE4D0002461C3 /* file.c */,
				8CE7B1711DEFE4D0002461C3 /* Findfile.c */,
				8CE7B1721DEFE4D0002461C3 /* gettoken.c */,
				8CE7B1731DEFE4D0002461C3 /* global.c */,
				8CE7B1741DEFE4D0002461C3 /* local.h */,
				8CE7B1751DEFE4D0002461C3 /* noise.c */,
				8CE7B1761DEFE4D0002461C3 /* param.c */,
				8CE7B1771DEFE4D0002461C3 /* parse.c */,
				8CE7B1781DEFE4D0002461C3 /* pcontext.c */,
				8CE7B1791DEFE4D0002461C3 /* pexpr.c */,
				8CE7B17A1DEFE4D0002461C3 /* pmain.c */,
				8CE7B17B1DEFE4D0002461C3 /* scn20.c */,
				8CE7B17C1DEFE4D0002461C3 /* shadebg.c */,
				8CE7B17D1DEFE4D0002461C3 /* shadesrf.c */,
				8CE7B17E1DEFE4D0002461C3 /* stacks.c */,
				8CE7B17F1DEFE4D0002461C3 /* symtab.c */,
				8CE7B1801DEFE4D0002461C3 /* vm.c */,
				8CE7B1811DEFE4D0002461C3 /* vmbkgrnd.c */,
				8CE7B1821DEFE4D0002461C3 /* vmblob.c */,
				8CE7B1831DEFE4D0002461C3 /* vmcsg.c */,
				8CE7B1841DEFE4D0002461C3 /* vmexpr.c */,
				8CE7B1851DEFE4D0002461C3 /* vmfnxyz.c */,
				8CE7B1861DEFE4D0002461C3 /* vmfunc.c */,
				8CE7B1871DEFE4D0002461C3 /* vmlight.c */,
				8CE7B1881DEFE4D0002461C3 /* vmlval.c */,
				8CE7B1891DEFE4D0002461C3 /* vmobject.c */,
				8CE7B18A1DEFE4D0002461C3 /* vmpoly.c */,
				8CE7B18B1DEFE4D0002461C3 /* vmproc.c */,
				8CE7B18C1DEFE4D0002461C3 /* vmsrface.c */,
				8CE7B18D1DEFE4D0002461C3 /* vmstack.c */,
				8CE7B18E1DEFE4D0002461C3 /* vmviewpt.c */,
				8CE7B18F1DEFE4D0002461C3 /* vmvsblty.c */,
				8CE7B1901DEFE4D0002461C3 /* vmxform.c */,
			);
			name = scn20;
			sourceTree = "<group>";
		};
/* End PBXGroup section */

/* Begin PBXNativeTarget section */
		8C2BF9AD1DEA809D005DDF33 /* Gem */ = {
			isa = PBXNativeTarget;
			buildConfigurationList = 8C2BF9D31DEA809E005DDF33 /* Build configuration list for PBXNativeTarget "Gem" */;
			buildPhases = (
				8C2BF9AA1DEA809D005DDF33 /* Sources */,
				8C2BF9AB1DEA809D005DDF33 /* Frameworks */,
				8C2BF9AC1DEA809D005DDF33 /* Resources */,
			);
			buildRules = (
			);
			dependencies = (
			);
			name = Gem;
			productName = Gem;
			productReference = 8C2BF9AE1DEA809E005DDF33 /* Gem.app */;
			productType = "com.apple.product-type.application";
		};
		8C2BF9BE1DEA809E005DDF33 /* GemTests */ = {
			isa = PBXNativeTarget;
			buildConfigurationList = 8C2BF9D61DEA809E005DDF33 /* Build configuration list for PBXNativeTarget "GemTests" */;
			buildPhases = (
				8C2BF9BB1DEA809E005DDF33 /* Sources */,
				8C2BF9BC1DEA809E005DDF33 /* Frameworks */,
				8C2BF9BD1DEA809E005DDF33 /* Resources */,
			);
			buildRules = (
			);
			dependencies = (
				8C2BF9C11DEA809E005DDF33 /* PBXTargetDependency */,
			);
			name = GemTests;
			productName = GemTests;
			productReference = 8C2BF9BF1DEA809E005DDF33 /* GemTests.xctest */;
			productType = "com.apple.product-type.bundle.unit-test";
		};
/* End PBXNativeTarget section */

/* Begin PBXProject section */
		8C2BF9A61DEA809D005DDF33 /* Project object */ = {
			isa = PBXProject;
			attributes = {
				LastSwiftUpdateCheck = 0810;
				LastUpgradeCheck = 1130;
				ORGANIZATIONNAME = Gem;
				TargetAttributes = {
					8C2BF9AD1DEA809D005DDF33 = {
						CreatedOnToolsVersion = 8.1;
						LastSwiftMigration = 0810;
						ProvisioningStyle = Automatic;
					};
					8C2BF9BE1DEA809E005DDF33 = {
						CreatedOnToolsVersion = 8.1;
						ProvisioningStyle = Automatic;
						TestTargetID = 8C2BF9AD1DEA809D005DDF33;
					};
				};
			};
			buildConfigurationList = 8C2BF9A91DEA809D005DDF33 /* Build configuration list for PBXProject "Gem" */;
			compatibilityVersion = "Xcode 3.2";
			developmentRegion = en;
			hasScannedForEncodings = 0;
			knownRegions = (
				en,
				Base,
			);
			mainGroup = 8C2BF9A51DEA809D005DDF33;
			productRefGroup = 8C2BF9AF1DEA809E005DDF33 /* Products */;
			projectDirPath = "";
			projectRoot = "";
			targets = (
				8C2BF9AD1DEA809D005DDF33 /* Gem */,
				8C2BF9BE1DEA809E005DDF33 /* GemTests */,
			);
		};
/* End PBXProject section */

/* Begin PBXResourcesBuildPhase section */
		8C2BF9AC1DEA809D005DDF33 /* Resources */ = {
			isa = PBXResourcesBuildPhase;
			buildActionMask = 2147483647;
			files = (
				8CC28B51244A4FF0009ABE88 /* todo.txt in Resources */,
				8C794384243EE04C003BBB83 /* Localizable.strings in Resources */,
				8C794385243EE04C003BBB83 /* Assets.xcassets in Resources */,
				8C794395243EE12B003BBB83 /* Main.storyboard in Resources */,
			);
			runOnlyForDeploymentPostprocessing = 0;
		};
		8C2BF9BD1DEA809E005DDF33 /* Resources */ = {
			isa = PBXResourcesBuildPhase;
			buildActionMask = 2147483647;
			files = (
			);
			runOnlyForDeploymentPostprocessing = 0;
		};
/* End PBXResourcesBuildPhase section */

/* Begin PBXSourcesBuildPhase section */
		8C2BF9AA1DEA809D005DDF33 /* Sources */ = {
			isa = PBXSourcesBuildPhase;
			buildActionMask = 2147483647;
			files = (
				8CE7B1551DEFDFFF002461C3 /* Disc.c in Sources */,
				8C794397243EEFEF003BBB83 /* RayTraceRenderer.swift in Sources */,
				8C794371243EE01E003BBB83 /* CGRect+Aspect.swift in Sources */,
				8CE7B1B11DEFE4D0002461C3 /* vmvsblty.c in Sources */,
				8CE7B1971DEFE4D0002461C3 /* noise.c in Sources */,
				8C79438A243EE04C003BBB83 /* TestRenderer.swift in Sources */,
				8CE7B1A61DEFE4D0002461C3 /* vmexpr.c in Sources */,
				8C794386243EE04C003BBB83 /* ViewPort.swift in Sources */,
				8CE7B1991DEFE4D0002461C3 /* parse.c in Sources */,
				8CE7B1A31DEFE4D0002461C3 /* vmbkgrnd.c in Sources */,
				8CE7B1921DEFE4D0002461C3 /* error.c in Sources */,
				8CE7B14F1DEFDFFF002461C3 /* Blob.c in Sources */,
				8CE7B1581DEFDFFF002461C3 /* inter.c in Sources */,
				8CE7B1631DEFDFFF002461C3 /* trace.c in Sources */,
				8CE7B1651DEFDFFF002461C3 /* Triangle.c in Sources */,
				8C794372243EE01E003BBB83 /* String+Localization.swift in Sources */,
				8C794387243EE04C003BBB83 /* BasicViewPort.swift in Sources */,
				8CE7B1AA1DEFE4D0002461C3 /* vmlval.c in Sources */,
				8C0DEE851DED2DC800697E06 /* rend2d.c in Sources */,
				8C0DEE921DED2E5300697E06 /* solve.c in Sources */,
				8CE7B19E1DEFE4D0002461C3 /* shadebg.c in Sources */,
				8CE7B15B1DEFDFFF002461C3 /* Mesh.c in Sources */,
				8CE7B1AD1DEFE4D0002461C3 /* vmproc.c in Sources */,
				8CE7B1AF1DEFE4D0002461C3 /* vmstack.c in Sources */,
				8CE7B1AB1DEFE4D0002461C3 /* vmobject.c in Sources */,
				8CE7B1661DEFDFFF002461C3 /* Uvmap.c in Sources */,
				8CE7B1B61DEFEB89002461C3 /* tracestk.c in Sources */,
				8CE7B1571DEFDFFF002461C3 /* Hfeild.c in Sources */,
				8CE7B1501DEFDFFF002461C3 /* Bound.c in Sources */,
				8CE7B1981DEFE4D0002461C3 /* param.c in Sources */,
				8CE7B1A91DEFE4D0002461C3 /* vmlight.c in Sources */,
				8CE7B14E1DEFDFFF002461C3 /* backgrnd.c in Sources */,
				8C79436D243EDFB0003BBB83 /* AppCoordinator.swift in Sources */,
				8CE7B1511DEFDFFF002461C3 /* box.c in Sources */,
				8CE7B1AC1DEFE4D0002461C3 /* vmpoly.c in Sources */,
				8C79438B243EE04C003BBB83 /* Renderer.swift in Sources */,
				8CE7B1531DEFDFFF002461C3 /* Cone.c in Sources */,
				8CE7B1AE1DEFE4D0002461C3 /* vmsrface.c in Sources */,
				8CE7B1601DEFDFFF002461C3 /* sphere.c in Sources */,
				8C794389243EE04C003BBB83 /* ImageViewController.swift in Sources */,
				8CE7B19D1DEFE4D0002461C3 /* scn20.c in Sources */,
				8C0DEE911DED2E5300697E06 /* Rand.c in Sources */,
				8C794388243EE04C003BBB83 /* MainViewController.swift in Sources */,
				8CE7B1A11DEFE4D0002461C3 /* symtab.c in Sources */,
				8C79438C243EE04C003BBB83 /* OutputFile.swift in Sources */,
				8C79436A243EDF8E003BBB83 /* Constants.swift in Sources */,
				8CE7B1B01DEFE4D0002461C3 /* vmviewpt.c in Sources */,
				8CE7B19A1DEFE4D0002461C3 /* pcontext.c in Sources */,
				8CE7B1541DEFDFFF002461C3 /* Csg.c in Sources */,
				8CE7B1961DEFE4D0002461C3 /* global.c in Sources */,
				8CE7B15F1DEFDFFF002461C3 /* shader.c in Sources */,
				8CE7B19F1DEFE4D0002461C3 /* shadesrf.c in Sources */,
				8CE7B19C1DEFE4D0002461C3 /* pmain.c in Sources */,
				8CE7B15C1DEFDFFF002461C3 /* object.c in Sources */,
				8CE7B1A41DEFE4D0002461C3 /* vmblob.c in Sources */,
				8CE7B1B71DEFEB89002461C3 /* xform.c in Sources */,
				8CE7B1931DEFE4D0002461C3 /* file.c in Sources */,
				8CE7B1521DEFDFFF002461C3 /* Colortri.c in Sources */,
				8C0DEE751DED1E2A00697E06 /* GemCtoSwift.m in Sources */,
				8C0DEE9B1DED2E7300697E06 /* Targa.c in Sources */,
				8CE7B1621DEFDFFF002461C3 /* Torus.c in Sources */,
				8CE7B1591DEFDFFF002461C3 /* light.c in Sources */,
				8CE7B1911DEFE4D0002461C3 /* define.c in Sources */,
				8CE7B1B21DEFE4D0002461C3 /* vmxform.c in Sources */,
				8CE7B1A71DEFE4D0002461C3 /* vmfnxyz.c in Sources */,
				8CE7B1561DEFDFFF002461C3 /* fnxyz.c in Sources */,
				8C79438D243EE04C003BBB83 /* RawOutputFile.swift in Sources */,
				8CE7B1A81DEFE4D0002461C3 /* vmfunc.c in Sources */,
				8CE7B1951DEFE4D0002461C3 /* gettoken.c in Sources */,
				8CE7B1A01DEFE4D0002461C3 /* stacks.c in Sources */,
				8C0DEE931DED2E5300697E06 /* matrix.c in Sources */,
				8CE7B15E1DEFDFFF002461C3 /* raytrace.c in Sources */,
				8CC28B53244AA51D009ABE88 /* BinaryInteger+String.swift in Sources */,
				8CE7B1A51DEFE4D0002461C3 /* vmcsg.c in Sources */,
				8CE7B1941DEFE4D0002461C3 /* Findfile.c in Sources */,
				8C0DEE841DED2DC800697E06 /* dopixel.c in Sources */,
				8CE7B1681DEFDFFF002461C3 /* visiblty.c in Sources */,
				8CE7B1671DEFDFFF002461C3 /* viewport.c in Sources */,
				8CE7B15D1DEFDFFF002461C3 /* polygon.c in Sources */,
				8CE7B1611DEFDFFF002461C3 /* Surface.c in Sources */,
				8CE7B1A21DEFE4D0002461C3 /* vm.c in Sources */,
				8CE7B15A1DEFDFFF002461C3 /* mem.c in Sources */,
				8CE7B19B1DEFE4D0002461C3 /* pexpr.c in Sources */,
				8C0DEE941DED2E5300697E06 /* vector.c in Sources */,
				8C0DEE9A1DED2E7300697E06 /* Image.c in Sources */,
				8C794393243EE12B003BBB83 /* AppDelegate.swift in Sources */,
				8C794392243EE12B003BBB83 /* AppData.swift in Sources */,
			);
			runOnlyForDeploymentPostprocessing = 0;
		};
		8C2BF9BB1DEA809E005DDF33 /* Sources */ = {
			isa = PBXSourcesBuildPhase;
			buildActionMask = 2147483647;
			files = (
				8C2BF9C41DEA809E005DDF33 /* GemTests.swift in Sources */,
			);
			runOnlyForDeploymentPostprocessing = 0;
		};
/* End PBXSourcesBuildPhase section */

/* Begin PBXTargetDependency section */
		8C2BF9C11DEA809E005DDF33 /* PBXTargetDependency */ = {
			isa = PBXTargetDependency;
			target = 8C2BF9AD1DEA809D005DDF33 /* Gem */;
			targetProxy = 8C2BF9C01DEA809E005DDF33 /* PBXContainerItemProxy */;
		};
/* End PBXTargetDependency section */

/* Begin PBXVariantGroup section */
		8C794374243EE04B003BBB83 /* Localizable.strings */ = {
			isa = PBXVariantGroup;
			children = (
				8C794375243EE04B003BBB83 /* en */,
			);
			name = Localizable.strings;
			sourceTree = "<group>";
		};
/* End PBXVariantGroup section */

/* Begin XCBuildConfiguration section */
		8C2BF9D11DEA809E005DDF33 /* Debug */ = {
			isa = XCBuildConfiguration;
			buildSettings = {
				ALWAYS_SEARCH_USER_PATHS = NO;
				CLANG_ANALYZER_LOCALIZABILITY_NONLOCALIZED = YES;
				CLANG_ANALYZER_NONNULL = YES;
				CLANG_CXX_LANGUAGE_STANDARD = "gnu++0x";
				CLANG_CXX_LIBRARY = "libc++";
				CLANG_ENABLE_MODULES = YES;
				CLANG_ENABLE_OBJC_ARC = YES;
				CLANG_WARN_BLOCK_CAPTURE_AUTORELEASING = YES;
				CLANG_WARN_BOOL_CONVERSION = YES;
				CLANG_WARN_COMMA = YES;
				CLANG_WARN_CONSTANT_CONVERSION = YES;
				CLANG_WARN_DEPRECATED_OBJC_IMPLEMENTATIONS = YES;
				CLANG_WARN_DIRECT_OBJC_ISA_USAGE = YES_ERROR;
				CLANG_WARN_DOCUMENTATION_COMMENTS = YES;
				CLANG_WARN_EMPTY_BODY = YES;
				CLANG_WARN_ENUM_CONVERSION = YES;
				CLANG_WARN_INFINITE_RECURSION = YES;
				CLANG_WARN_INT_CONVERSION = YES;
				CLANG_WARN_NON_LITERAL_NULL_CONVERSION = YES;
				CLANG_WARN_OBJC_IMPLICIT_RETAIN_SELF = YES;
				CLANG_WARN_OBJC_LITERAL_CONVERSION = YES;
				CLANG_WARN_OBJC_ROOT_CLASS = YES_ERROR;
				CLANG_WARN_RANGE_LOOP_ANALYSIS = YES;
				CLANG_WARN_STRICT_PROTOTYPES = YES;
				CLANG_WARN_SUSPICIOUS_MOVE = YES;
				CLANG_WARN_SUSPICIOUS_MOVES = YES;
				CLANG_WARN_UNREACHABLE_CODE = YES;
				CLANG_WARN__DUPLICATE_METHOD_MATCH = YES;
				CODE_SIGN_IDENTITY = "-";
				COPY_PHASE_STRIP = NO;
				DEBUG_INFORMATION_FORMAT = dwarf;
				ENABLE_STRICT_OBJC_MSGSEND = YES;
				ENABLE_TESTABILITY = YES;
				GCC_C_LANGUAGE_STANDARD = gnu99;
				GCC_DYNAMIC_NO_PIC = NO;
				GCC_NO_COMMON_BLOCKS = YES;
				GCC_OPTIMIZATION_LEVEL = 0;
				GCC_PREPROCESSOR_DEFINITIONS = (
					"DEBUG=1",
					"$(inherited)",
				);
				GCC_WARN_64_TO_32_BIT_CONVERSION = YES;
				GCC_WARN_ABOUT_RETURN_TYPE = YES_ERROR;
				GCC_WARN_UNDECLARED_SELECTOR = YES;
				GCC_WARN_UNINITIALIZED_AUTOS = YES_AGGRESSIVE;
				GCC_WARN_UNUSED_FUNCTION = YES;
				GCC_WARN_UNUSED_VARIABLE = YES;
				MACOSX_DEPLOYMENT_TARGET = 11.5;
				MTL_ENABLE_DEBUG_INFO = YES;
				ONLY_ACTIVE_ARCH = YES;
				SDKROOT = macosx;
				SWIFT_ACTIVE_COMPILATION_CONDITIONS = DEBUG;
				SWIFT_OPTIMIZATION_LEVEL = "-Onone";
			};
			name = Debug;
		};
		8C2BF9D21DEA809E005DDF33 /* Release */ = {
			isa = XCBuildConfiguration;
			buildSettings = {
				ALWAYS_SEARCH_USER_PATHS = NO;
				CLANG_ANALYZER_LOCALIZABILITY_NONLOCALIZED = YES;
				CLANG_ANALYZER_NONNULL = YES;
				CLANG_CXX_LANGUAGE_STANDARD = "gnu++0x";
				CLANG_CXX_LIBRARY = "libc++";
				CLANG_ENABLE_MODULES = YES;
				CLANG_ENABLE_OBJC_ARC = YES;
				CLANG_WARN_BLOCK_CAPTURE_AUTORELEASING = YES;
				CLANG_WARN_BOOL_CONVERSION = YES;
				CLANG_WARN_COMMA = YES;
				CLANG_WARN_CONSTANT_CONVERSION = YES;
				CLANG_WARN_DEPRECATED_OBJC_IMPLEMENTATIONS = YES;
				CLANG_WARN_DIRECT_OBJC_ISA_USAGE = YES_ERROR;
				CLANG_WARN_DOCUMENTATION_COMMENTS = YES;
				CLANG_WARN_EMPTY_BODY = YES;
				CLANG_WARN_ENUM_CONVERSION = YES;
				CLANG_WARN_INFINITE_RECURSION = YES;
				CLANG_WARN_INT_CONVERSION = YES;
				CLANG_WARN_NON_LITERAL_NULL_CONVERSION = YES;
				CLANG_WARN_OBJC_IMPLICIT_RETAIN_SELF = YES;
				CLANG_WARN_OBJC_LITERAL_CONVERSION = YES;
				CLANG_WARN_OBJC_ROOT_CLASS = YES_ERROR;
				CLANG_WARN_RANGE_LOOP_ANALYSIS = YES;
				CLANG_WARN_STRICT_PROTOTYPES = YES;
				CLANG_WARN_SUSPICIOUS_MOVE = YES;
				CLANG_WARN_SUSPICIOUS_MOVES = YES;
				CLANG_WARN_UNREACHABLE_CODE = YES;
				CLANG_WARN__DUPLICATE_METHOD_MATCH = YES;
				CODE_SIGN_IDENTITY = "-";
				COPY_PHASE_STRIP = NO;
				DEBUG_INFORMATION_FORMAT = "dwarf-with-dsym";
				ENABLE_NS_ASSERTIONS = NO;
				ENABLE_STRICT_OBJC_MSGSEND = YES;
				GCC_C_LANGUAGE_STANDARD = gnu99;
				GCC_NO_COMMON_BLOCKS = YES;
				GCC_WARN_64_TO_32_BIT_CONVERSION = YES;
				GCC_WARN_ABOUT_RETURN_TYPE = YES_ERROR;
				GCC_WARN_UNDECLARED_SELECTOR = YES;
				GCC_WARN_UNINITIALIZED_AUTOS = YES_AGGRESSIVE;
				GCC_WARN_UNUSED_FUNCTION = YES;
				GCC_WARN_UNUSED_VARIABLE = YES;
				MACOSX_DEPLOYMENT_TARGET = 11.5;
				MTL_ENABLE_DEBUG_INFO = NO;
				SDKROOT = macosx;
				SWIFT_OPTIMIZATION_LEVEL = "-Owholemodule";
			};
			name = Release;
		};
		8C2BF9D41DEA809E005DDF33 /* Debug */ = {
			isa = XCBuildConfiguration;
			buildSettings = {
				ASSETCATALOG_COMPILER_APPICON_NAME = AppIcon;
				CLANG_ENABLE_MODULES = YES;
				CODE_SIGN_ENTITLEMENTS = Gem/Gem.entitlements;
				CODE_SIGN_IDENTITY = "-";
				COMBINE_HIDPI_IMAGES = YES;
				HEADER_SEARCH_PATHS = ../../src/Include;
				INFOPLIST_FILE = Gem/Info.plist;
				LD_RUNPATH_SEARCH_PATHS = "$(inherited) @executable_path/../Frameworks";
				MACOSX_DEPLOYMENT_TARGET = 11.5;
				PRODUCT_BUNDLE_IDENTIFIER = com.gem.Gem;
				PRODUCT_NAME = "$(TARGET_NAME)";
				SWIFT_OBJC_BRIDGING_HEADER = "Gem-Bridging-Header.h";
				SWIFT_OPTIMIZATION_LEVEL = "-Onone";
				SWIFT_VERSION = 5.0;
			};
			name = Debug;
		};
		8C2BF9D51DEA809E005DDF33 /* Release */ = {
			isa = XCBuildConfiguration;
			buildSettings = {
				ASSETCATALOG_COMPILER_APPICON_NAME = AppIcon;
				CLANG_ENABLE_MODULES = YES;
				CODE_SIGN_ENTITLEMENTS = Gem/Gem.entitlements;
				CODE_SIGN_IDENTITY = "-";
				COMBINE_HIDPI_IMAGES = YES;
				HEADER_SEARCH_PATHS = ../../src/Include;
				INFOPLIST_FILE = Gem/Info.plist;
				LD_RUNPATH_SEARCH_PATHS = "$(inherited) @executable_path/../Frameworks";
				MACOSX_DEPLOYMENT_TARGET = 11.5;
				PRODUCT_BUNDLE_IDENTIFIER = com.gem.Gem;
				PRODUCT_NAME = "$(TARGET_NAME)";
				SWIFT_OBJC_BRIDGING_HEADER = "Gem-Bridging-Header.h";
				SWIFT_VERSION = 5.0;
			};
			name = Release;
		};
		8C2BF9D71DEA809E005DDF33 /* Debug */ = {
			isa = XCBuildConfiguration;
			buildSettings = {
				ALWAYS_EMBED_SWIFT_STANDARD_LIBRARIES = YES;
				BUNDLE_LOADER = "$(TEST_HOST)";
				COMBINE_HIDPI_IMAGES = YES;
				INFOPLIST_FILE = GemTests/Info.plist;
				LD_RUNPATH_SEARCH_PATHS = "$(inherited) @executable_path/../Frameworks @loader_path/../Frameworks";
				MACOSX_DEPLOYMENT_TARGET = 11.5;
				PRODUCT_BUNDLE_IDENTIFIER = com.gem.GemTests;
				PRODUCT_NAME = "$(TARGET_NAME)";
				SWIFT_VERSION = 5.0;
				TEST_HOST = "$(BUILT_PRODUCTS_DIR)/Gem.app/Contents/MacOS/Gem";
			};
			name = Debug;
		};
		8C2BF9D81DEA809E005DDF33 /* Release */ = {
			isa = XCBuildConfiguration;
			buildSettings = {
				ALWAYS_EMBED_SWIFT_STANDARD_LIBRARIES = YES;
				BUNDLE_LOADER = "$(TEST_HOST)";
				COMBINE_HIDPI_IMAGES = YES;
				INFOPLIST_FILE = GemTests/Info.plist;
				LD_RUNPATH_SEARCH_PATHS = "$(inherited) @executable_path/../Frameworks @loader_path/../Frameworks";
				MACOSX_DEPLOYMENT_TARGET = 11.5;
				PRODUCT_BUNDLE_IDENTIFIER = com.gem.GemTests;
				PRODUCT_NAME = "$(TARGET_NAME)";
				SWIFT_VERSION = 5.0;
				TEST_HOST = "$(BUILT_PRODUCTS_DIR)/Gem.app/Contents/MacOS/Gem";
			};
			name = Release;
		};
/* End XCBuildConfiguration section */

/* Begin XCConfigurationList section */
		8C2BF9A91DEA809D005DDF33 /* Build configuration list for PBXProject "Gem" */ = {
			isa = XCConfigurationList;
			buildConfigurations = (
				8C2BF9D11DEA809E005DDF33 /* Debug */,
				8C2BF9D21DEA809E005DDF33 /* Release */,
			);
			defaultConfigurationIsVisible = 0;
			defaultConfigurationName = Release;
		};
		8C2BF9D31DEA809E005DDF33 /* Build configuration list for PBXNativeTarget "Gem" */ = {
			isa = XCConfigurationList;
			buildConfigurations = (
				8C2BF9D41DEA809E005DDF33 /* Debug */,
				8C2BF9D51DEA809E005DDF33 /* Release */,
			);
			defaultConfigurationIsVisible = 0;
			defaultConfigurationName = Release;
		};
		8C2BF9D61DEA809E005DDF33 /* Build configuration list for PBXNativeTarget "GemTests" */ = {
			isa = XCConfigurationList;
			buildConfigurations = (
				8C2BF9D71DEA809E005DDF33 /* Debug */,
				8C2BF9D81DEA809E005DDF33 /* Release */,
			);
			defaultConfigurationIsVisible = 0;
			defaultConfigurationName = Release;
		};
/* End XCConfigurationList section */
	};
	rootObject = 8C2BF9A61DEA809D005DDF33 /* Project object */;
}
