
Microsoft Visual Studio Solution File, Format Version 11.00
# Visual Studio 2010
Project("{8BC9CEB8-8B4A-11D0-8D11-00A0C91BC942}") = "Gem", "Gem.vcxproj", "{A1D7C76B-C5BB-4C11-AC5F-46371B676D1A}"
EndProject
Project("{8BC9CEB8-8B4A-11D0-8D11-00A0C91BC942}") = "Image", "Image\Image.vcxproj", "{C30DF384-41FC-49E4-9FFA-4E934BA612C2}"
EndProject
Project("{8BC9CEB8-8B4A-11D0-8D11-00A0C91BC942}") = "Math3D", "Math3D\Math3D.vcxproj", "{C555D0E7-221D-4D99-BC8D-3DC1819082BC}"
EndProject
Project("{8BC9CEB8-8B4A-11D0-8D11-00A0C91BC942}") = "NFF", "NFF\NFF.vcxproj", "{1188B949-8EE5-439F-8084-912CBA3262C8}"
EndProject
Project("{8BC9CEB8-8B4A-11D0-8D11-00A0C91BC942}") = "NURBS", "NURBS\NURBS.vcxproj", "{7CBBC218-1B0E-4D14-B3BA-9425A8D4DF4B}"
EndProject
Project("{8BC9CEB8-8B4A-11D0-8D11-00A0C91BC942}") = "Raytrace", "Raytrace\Raytrace.vcxproj", "{D8B5B975-306E-492D-A083-21994814BDCD}"
EndProject
Project("{8BC9CEB8-8B4A-11D0-8D11-00A0C91BC942}") = "Rend2D", "Rend2D\Rend2D.vcxproj", "{9358C394-E339-4069-8BF2-E636CE47B4A4}"
EndProject
Project("{8BC9CEB8-8B4A-11D0-8D11-00A0C91BC942}") = "scn20", "scn20\scn20.vcxproj", "{7B565B0D-BA44-4235-96C7-167068B01D47}"
EndProject
Global
	GlobalSection(SolutionConfigurationPlatforms) = preSolution
		Debug|Win32 = Debug|Win32
		Release|Win32 = Release|Win32
	EndGlobalSection
	GlobalSection(ProjectConfigurationPlatforms) = postSolution
		{A1D7C76B-C5BB-4C11-AC5F-46371B676D1A}.Debug|Win32.ActiveCfg = Debug|Win32
		{A1D7C76B-C5BB-4C11-AC5F-46371B676D1A}.Debug|Win32.Build.0 = Debug|Win32
		{A1D7C76B-C5BB-4C11-AC5F-46371B676D1A}.Release|Win32.ActiveCfg = Release|Win32
		{A1D7C76B-C5BB-4C11-AC5F-46371B676D1A}.Release|Win32.Build.0 = Release|Win32
		{C30DF384-41FC-49E4-9FFA-4E934BA612C2}.Debug|Win32.ActiveCfg = Debug|Win32
		{C30DF384-41FC-49E4-9FFA-4E934BA612C2}.Debug|Win32.Build.0 = Debug|Win32
		{C30DF384-41FC-49E4-9FFA-4E934BA612C2}.Release|Win32.ActiveCfg = Release|Win32
		{C30DF384-41FC-49E4-9FFA-4E934BA612C2}.Release|Win32.Build.0 = Release|Win32
		{C555D0E7-221D-4D99-BC8D-3DC1819082BC}.Debug|Win32.ActiveCfg = Debug|Win32
		{C555D0E7-221D-4D99-BC8D-3DC1819082BC}.Debug|Win32.Build.0 = Debug|Win32
		{C555D0E7-221D-4D99-BC8D-3DC1819082BC}.Release|Win32.ActiveCfg = Release|Win32
		{C555D0E7-221D-4D99-BC8D-3DC1819082BC}.Release|Win32.Build.0 = Release|Win32
		{1188B949-8EE5-439F-8084-912CBA3262C8}.Debug|Win32.ActiveCfg = Debug|Win32
		{1188B949-8EE5-439F-8084-912CBA3262C8}.Debug|Win32.Build.0 = Debug|Win32
		{1188B949-8EE5-439F-8084-912CBA3262C8}.Release|Win32.ActiveCfg = Release|Win32
		{1188B949-8EE5-439F-8084-912CBA3262C8}.Release|Win32.Build.0 = Release|Win32
		{7CBBC218-1B0E-4D14-B3BA-9425A8D4DF4B}.Debug|Win32.ActiveCfg = Debug|Win32
		{7CBBC218-1B0E-4D14-B3BA-9425A8D4DF4B}.Debug|Win32.Build.0 = Debug|Win32
		{7CBBC218-1B0E-4D14-B3BA-9425A8D4DF4B}.Release|Win32.ActiveCfg = Release|Win32
		{7CBBC218-1B0E-4D14-B3BA-9425A8D4DF4B}.Release|Win32.Build.0 = Release|Win32
		{D8B5B975-306E-492D-A083-21994814BDCD}.Debug|Win32.ActiveCfg = Debug|Win32
		{D8B5B975-306E-492D-A083-21994814BDCD}.Debug|Win32.Build.0 = Debug|Win32
		{D8B5B975-306E-492D-A083-21994814BDCD}.Release|Win32.ActiveCfg = Release|Win32
		{D8B5B975-306E-492D-A083-21994814BDCD}.Release|Win32.Build.0 = Release|Win32
		{9358C394-E339-4069-8BF2-E636CE47B4A4}.Debug|Win32.ActiveCfg = Debug|Win32
		{9358C394-E339-4069-8BF2-E636CE47B4A4}.Debug|Win32.Build.0 = Debug|Win32
		{9358C394-E339-4069-8BF2-E636CE47B4A4}.Release|Win32.ActiveCfg = Release|Win32
		{9358C394-E339-4069-8BF2-E636CE47B4A4}.Release|Win32.Build.0 = Release|Win32
		{7B565B0D-BA44-4235-96C7-167068B01D47}.Debug|Win32.ActiveCfg = Debug|Win32
		{7B565B0D-BA44-4235-96C7-167068B01D47}.Debug|Win32.Build.0 = Debug|Win32
		{7B565B0D-BA44-4235-96C7-167068B01D47}.Release|Win32.ActiveCfg = Release|Win32
		{7B565B0D-BA44-4235-96C7-167068B01D47}.Release|Win32.Build.0 = Release|Win32
	EndGlobalSection
	GlobalSection(SolutionProperties) = preSolution
		HideSolutionNode = FALSE
	EndGlobalSection
EndGlobal
